
Microsoft Visual Studio Solution File, Format Version 12.00
# Visual Studio 15
VisualStudioVersion = 15.0.27703.2042
MinimumVisualStudioVersion = 10.0.40219.1
Project("{FAE04EC0-301F-11D3-BF4B-00C04F79EFBC}") = "GTMIS", "GTMIS\GTMIS.csproj", "{2CF99460-2234-49B5-BAE7-F0ED7C4C11C4}"
EndProject
Project("{FAE04EC0-301F-11D3-BF4B-00C04F79EFBC}") = "Ray.Framework.AutoUpdate", "Ray.Framework.AutoUpdate\Ray.Framework.AutoUpdate.csproj", "{9D576B9C-3DB6-4C49-91CE-029300D3331C}"
EndProject
Project("{FAE04EC0-301F-11D3-BF4B-00C04F79EFBC}") = "Ray.Framework.Config", "Ray.Framework.Config\Ray.Framework.Config.csproj", "{BA7CB68D-F2A6-4681-9D35-BD55D405F768}"
EndProject
Project("{FAE04EC0-301F-11D3-BF4B-00C04F79EFBC}") = "Ray.Framework.Converter", "Ray.Framework.Converter\Ray.Framework.Converter.csproj", "{95EE5993-E394-4D68-8E2F-110822A77455}"
EndProject
Project("{FAE04EC0-301F-11D3-BF4B-00C04F79EFBC}") = "Ray.Framework.CustomDotNetBar", "Ray.Framework.CustomDotNetBar\Ray.Framework.CustomDotNetBar.csproj", "{CE751FB5-F7AE-4D45-A6AE-1F7F9A488711}"
EndProject
Project("{FAE04EC0-301F-11D3-BF4B-00C04F79EFBC}") = "Ray.Framework.DBUtility", "Ray.Framework.DBUtility\Ray.Framework.DBUtility.csproj", "{154CB011-3414-4EC5-A452-18D8936A17A6}"
EndProject
Project("{FAE04EC0-301F-11D3-BF4B-00C04F79EFBC}") = "Ray.Framework.Encrypt", "Ray.Framework.Encrypt\Ray.Framework.Encrypt.csproj", "{A67FF111-911F-4035-9441-53C633D2F791}"
EndProject
Project("{FAE04EC0-301F-11D3-BF4B-00C04F79EFBC}") = "Ray.Framework.WindowManage", "Ray.Framework.WindowManage\Ray.Framework.WindowManage.csproj", "{730B3AAA-A295-4272-9F96-0D1DAF84C7B5}"
EndProject
Project("{FAE04EC0-301F-11D3-BF4B-00C04F79EFBC}") = "GTMIS.Model", "GTMIS.Model\GTMIS.Model.csproj", "{AA1ABE9E-34F8-4C67-BAAE-9E41F8A78679}"
EndProject
Project("{FAE04EC0-301F-11D3-BF4B-00C04F79EFBC}") = "GTMIS.DAL", "GTMIS.DAL\GTMIS.DAL.csproj", "{FEF7086C-1F5B-4A5A-AE0F-0E7CBAC6D0EF}"
EndProject
Project("{FAE04EC0-301F-11D3-BF4B-00C04F79EFBC}") = "GTMIS.BLL", "GTMIS.BLL\GTMIS.BLL.csproj", "{3B040744-93A3-4A9B-9763-CD124A7635DE}"
EndProject
Project("{FAE04EC0-301F-11D3-BF4B-00C04F79EFBC}") = "Ray.Framework.Validate", "Ray.Framework.Validate\Ray.Framework.Validate.csproj", "{CC9D24C2-B356-4AB5-9E0A-5CE644241E45}"
EndProject
Global
	GlobalSection(SolutionConfigurationPlatforms) = preSolution
		Debug|Any CPU = Debug|Any CPU
		Release|Any CPU = Release|Any CPU
	EndGlobalSection
	GlobalSection(ProjectConfigurationPlatforms) = postSolution
		{2CF99460-2234-49B5-BAE7-F0ED7C4C11C4}.Debug|Any CPU.ActiveCfg = Debug|Any CPU
		{2CF99460-2234-49B5-BAE7-F0ED7C4C11C4}.Debug|Any CPU.Build.0 = Debug|Any CPU
		{2CF99460-2234-49B5-BAE7-F0ED7C4C11C4}.Release|Any CPU.ActiveCfg = Release|Any CPU
		{2CF99460-2234-49B5-BAE7-F0ED7C4C11C4}.Release|Any CPU.Build.0 = Release|Any CPU
		{9D576B9C-3DB6-4C49-91CE-029300D3331C}.Debug|Any CPU.ActiveCfg = Debug|Any CPU
		{9D576B9C-3DB6-4C49-91CE-029300D3331C}.Debug|Any CPU.Build.0 = Debug|Any CPU
		{9D576B9C-3DB6-4C49-91CE-029300D3331C}.Release|Any CPU.ActiveCfg = Release|Any CPU
		{9D576B9C-3DB6-4C49-91CE-029300D3331C}.Release|Any CPU.Build.0 = Release|Any CPU
		{BA7CB68D-F2A6-4681-9D35-BD55D405F768}.Debug|Any CPU.ActiveCfg = Debug|Any CPU
		{BA7CB68D-F2A6-4681-9D35-BD55D405F768}.Debug|Any CPU.Build.0 = Debug|Any CPU
		{BA7CB68D-F2A6-4681-9D35-BD55D405F768}.Release|Any CPU.ActiveCfg = Release|Any CPU
		{BA7CB68D-F2A6-4681-9D35-BD55D405F768}.Release|Any CPU.Build.0 = Release|Any CPU
		{95EE5993-E394-4D68-8E2F-110822A77455}.Debug|Any CPU.ActiveCfg = Debug|Any CPU
		{95EE5993-E394-4D68-8E2F-110822A77455}.Debug|Any CPU.Build.0 = Debug|Any CPU
		{95EE5993-E394-4D68-8E2F-110822A77455}.Release|Any CPU.ActiveCfg = Release|Any CPU
		{95EE5993-E394-4D68-8E2F-110822A77455}.Release|Any CPU.Build.0 = Release|Any CPU
		{CE751FB5-F7AE-4D45-A6AE-1F7F9A488711}.Debug|Any CPU.ActiveCfg = Debug|Any CPU
		{CE751FB5-F7AE-4D45-A6AE-1F7F9A488711}.Debug|Any CPU.Build.0 = Debug|Any CPU
		{CE751FB5-F7AE-4D45-A6AE-1F7F9A488711}.Release|Any CPU.ActiveCfg = Release|Any CPU
		{CE751FB5-F7AE-4D45-A6AE-1F7F9A488711}.Release|Any CPU.Build.0 = Release|Any CPU
		{154CB011-3414-4EC5-A452-18D8936A17A6}.Debug|Any CPU.ActiveCfg = Debug|Any CPU
		{154CB011-3414-4EC5-A452-18D8936A17A6}.Debug|Any CPU.Build.0 = Debug|Any CPU
		{154CB011-3414-4EC5-A452-18D8936A17A6}.Release|Any CPU.ActiveCfg = Release|Any CPU
		{154CB011-3414-4EC5-A452-18D8936A17A6}.Release|Any CPU.Build.0 = Release|Any CPU
		{A67FF111-911F-4035-9441-53C633D2F791}.Debug|Any CPU.ActiveCfg = Debug|Any CPU
		{A67FF111-911F-4035-9441-53C633D2F791}.Debug|Any CPU.Build.0 = Debug|Any CPU
		{A67FF111-911F-4035-9441-53C633D2F791}.Release|Any CPU.ActiveCfg = Release|Any CPU
		{A67FF111-911F-4035-9441-53C633D2F791}.Release|Any CPU.Build.0 = Release|Any CPU
		{730B3AAA-A295-4272-9F96-0D1DAF84C7B5}.Debug|Any CPU.ActiveCfg = Debug|Any CPU
		{730B3AAA-A295-4272-9F96-0D1DAF84C7B5}.Debug|Any CPU.Build.0 = Debug|Any CPU
		{730B3AAA-A295-4272-9F96-0D1DAF84C7B5}.Release|Any CPU.ActiveCfg = Release|Any CPU
		{730B3AAA-A295-4272-9F96-0D1DAF84C7B5}.Release|Any CPU.Build.0 = Release|Any CPU
		{AA1ABE9E-34F8-4C67-BAAE-9E41F8A78679}.Debug|Any CPU.ActiveCfg = Debug|Any CPU
		{AA1ABE9E-34F8-4C67-BAAE-9E41F8A78679}.Debug|Any CPU.Build.0 = Debug|Any CPU
		{AA1ABE9E-34F8-4C67-BAAE-9E41F8A78679}.Release|Any CPU.ActiveCfg = Release|Any CPU
		{AA1ABE9E-34F8-4C67-BAAE-9E41F8A78679}.Release|Any CPU.Build.0 = Release|Any CPU
		{FEF7086C-1F5B-4A5A-AE0F-0E7CBAC6D0EF}.Debug|Any CPU.ActiveCfg = Debug|Any CPU
		{FEF7086C-1F5B-4A5A-AE0F-0E7CBAC6D0EF}.Debug|Any CPU.Build.0 = Debug|Any CPU
		{FEF7086C-1F5B-4A5A-AE0F-0E7CBAC6D0EF}.Release|Any CPU.ActiveCfg = Release|Any CPU
		{FEF7086C-1F5B-4A5A-AE0F-0E7CBAC6D0EF}.Release|Any CPU.Build.0 = Release|Any CPU
		{3B040744-93A3-4A9B-9763-CD124A7635DE}.Debug|Any CPU.ActiveCfg = Debug|Any CPU
		{3B040744-93A3-4A9B-9763-CD124A7635DE}.Debug|Any CPU.Build.0 = Debug|Any CPU
		{3B040744-93A3-4A9B-9763-CD124A7635DE}.Release|Any CPU.ActiveCfg = Release|Any CPU
		{3B040744-93A3-4A9B-9763-CD124A7635DE}.Release|Any CPU.Build.0 = Release|Any CPU
		{CC9D24C2-B356-4AB5-9E0A-5CE644241E45}.Debug|Any CPU.ActiveCfg = Debug|Any CPU
		{CC9D24C2-B356-4AB5-9E0A-5CE644241E45}.Debug|Any CPU.Build.0 = Debug|Any CPU
		{CC9D24C2-B356-4AB5-9E0A-5CE644241E45}.Release|Any CPU.ActiveCfg = Release|Any CPU
		{CC9D24C2-B356-4AB5-9E0A-5CE644241E45}.Release|Any CPU.Build.0 = Release|Any CPU
	EndGlobalSection
	GlobalSection(SolutionProperties) = preSolution
		HideSolutionNode = FALSE
	EndGlobalSection
	GlobalSection(ExtensibilityGlobals) = postSolution
		SolutionGuid = {A352E641-648A-4466-8C96-5ED9F7259127}
	EndGlobalSection
EndGlobal
