
Microsoft Visual Studio Solution File, Format Version 12.00
# Visual Studio 15
VisualStudioVersion = 15.0.27703.2042
MinimumVisualStudioVersion = 10.0.40219.1
Project("{FAE04EC0-301F-11D3-BF4B-00C04F79EFBC}") = "GTMIS", "GTMIS\GTMIS.csproj", "{2CF99460-2234-49B5-BAE7-F0ED7C4C11C4}"
EndProject
Global
	GlobalSection(SolutionConfigurationPlatforms) = preSolution
		Debug|Any CPU = Debug|Any CPU
		Release|Any CPU = Release|Any CPU
	EndGlobalSection
	GlobalSection(ProjectConfigurationPlatforms) = postSolution
		{2CF99460-2234-49B5-BAE7-F0ED7C4C11C4}.Debug|Any CPU.ActiveCfg = Debug|Any CPU
		{2CF99460-2234-49B5-BAE7-F0ED7C4C11C4}.Debug|Any CPU.Build.0 = Debug|Any CPU
		{2CF99460-2234-49B5-BAE7-F0ED7C4C11C4}.Release|Any CPU.ActiveCfg = Release|Any CPU
		{2CF99460-2234-49B5-BAE7-F0ED7C4C11C4}.Release|Any CPU.Build.0 = Release|Any CPU
	EndGlobalSection
	GlobalSection(SolutionProperties) = preSolution
		HideSolutionNode = FALSE
	EndGlobalSection
	GlobalSection(ExtensibilityGlobals) = postSolution
		SolutionGuid = {A352E641-648A-4466-8C96-5ED9F7259127}
	EndGlobalSection
EndGlobal
